
Microsoft Visual Studio Solution File, Format Version 12.00
# Visual Studio Version 17
VisualStudioVersion = 17.6.33723.286
MinimumVisualStudioVersion = 10.0.40219.1
Project("{FAE04EC0-301F-11D3-BF4B-00C04F79EFBC}") = "WebApplication6", "WebApplication6.csproj", "{39C84D98-1C63-40AF-B5DD-811C9F021D53}"
EndProject
Global
	GlobalSection(SolutionConfigurationPlatforms) = preSolution
		Debug|Any CPU = Debug|Any CPU
		Release|Any CPU = Release|Any CPU
	EndGlobalSection
	GlobalSection(ProjectConfigurationPlatforms) = postSolution
		{39C84D98-1C63-40AF-B5DD-811C9F021D53}.Debug|Any CPU.ActiveCfg = Debug|Any CPU
		{39C84D98-1C63-40AF-B5DD-811C9F021D53}.Debug|Any CPU.Build.0 = Debug|Any CPU
		{39C84D98-1C63-40AF-B5DD-811C9F021D53}.Release|Any CPU.ActiveCfg = Release|Any CPU
		{39C84D98-1C63-40AF-B5DD-811C9F021D53}.Release|Any CPU.Build.0 = Release|Any CPU
	EndGlobalSection
	GlobalSection(SolutionProperties) = preSolution
		HideSolutionNode = FALSE
	EndGlobalSection
	GlobalSection(ExtensibilityGlobals) = postSolution
		SolutionGuid = {A5E6DF96-3C2E-4A46-8295-AC6C29243826}
	EndGlobalSection
EndGlobal
